
Microsoft Visual Studio Solution File, Format Version 12.00
# Visual Studio 14
VisualStudioVersion = 14.0.23107.0
MinimumVisualStudioVersion = 10.0.40219.1
Project("{FAE04EC0-301F-11D3-BF4B-00C04F79EFBC}") = "01.FriendsOfPesho", "01.FriendsOfPesho\01.FriendsOfPesho.csproj", "{14630D2E-1875-460A-B487-E43FA091FE69}"
EndProject
Project("{FAE04EC0-301F-11D3-BF4B-00C04F79EFBC}") = "02.Salaries", "02.Salaries\02.Salaries.csproj", "{FDA2D8A4-2022-4706-B3AE-BB8D66FA1B5E}"
EndProject
Project("{FAE04EC0-301F-11D3-BF4B-00C04F79EFBC}") = "03.TVCompany", "03.TVCompany\03.TVCompany.csproj", "{64ADDF1D-92D6-4629-AEA3-83799A014254}"
EndProject
Global
	GlobalSection(SolutionConfigurationPlatforms) = preSolution
		Debug|Any CPU = Debug|Any CPU
		Release|Any CPU = Release|Any CPU
	EndGlobalSection
	GlobalSection(ProjectConfigurationPlatforms) = postSolution
		{14630D2E-1875-460A-B487-E43FA091FE69}.Debug|Any CPU.ActiveCfg = Debug|Any CPU
		{14630D2E-1875-460A-B487-E43FA091FE69}.Debug|Any CPU.Build.0 = Debug|Any CPU
		{14630D2E-1875-460A-B487-E43FA091FE69}.Release|Any CPU.ActiveCfg = Release|Any CPU
		{14630D2E-1875-460A-B487-E43FA091FE69}.Release|Any CPU.Build.0 = Release|Any CPU
		{FDA2D8A4-2022-4706-B3AE-BB8D66FA1B5E}.Debug|Any CPU.ActiveCfg = Debug|Any CPU
		{FDA2D8A4-2022-4706-B3AE-BB8D66FA1B5E}.Debug|Any CPU.Build.0 = Debug|Any CPU
		{FDA2D8A4-2022-4706-B3AE-BB8D66FA1B5E}.Release|Any CPU.ActiveCfg = Release|Any CPU
		{FDA2D8A4-2022-4706-B3AE-BB8D66FA1B5E}.Release|Any CPU.Build.0 = Release|Any CPU
		{64ADDF1D-92D6-4629-AEA3-83799A014254}.Debug|Any CPU.ActiveCfg = Debug|Any CPU
		{64ADDF1D-92D6-4629-AEA3-83799A014254}.Debug|Any CPU.Build.0 = Debug|Any CPU
		{64ADDF1D-92D6-4629-AEA3-83799A014254}.Release|Any CPU.ActiveCfg = Release|Any CPU
		{64ADDF1D-92D6-4629-AEA3-83799A014254}.Release|Any CPU.Build.0 = Release|Any CPU
	EndGlobalSection
	GlobalSection(SolutionProperties) = preSolution
		HideSolutionNode = FALSE
	EndGlobalSection
EndGlobal
