
Microsoft Visual Studio Solution File, Format Version 12.00
# Visual Studio 14
VisualStudioVersion = 14.0.23107.0
MinimumVisualStudioVersion = 10.0.40219.1
Project("{FAE04EC0-301F-11D3-BF4B-00C04F79EFBC}") = "01.Passwords", "01.Passwords\01.Passwords.csproj", "{2F1C5D6B-4196-477C-B15D-7F52FD3AA2B0}"
EndProject
Project("{FAE04EC0-301F-11D3-BF4B-00C04F79EFBC}") = "02.Rabbits", "02.Rabbits\02.Rabbits.csproj", "{ECD5FD7A-32F7-423C-B50E-C43750F17FCB}"
EndProject
Project("{FAE04EC0-301F-11D3-BF4B-00C04F79EFBC}") = "03.Dividers", "03.Dividers\03.Dividers.csproj", "{B82A2621-A702-4B17-AE90-CC83CF938D61}"
EndProject
Global
	GlobalSection(SolutionConfigurationPlatforms) = preSolution
		Debug|Any CPU = Debug|Any CPU
		Release|Any CPU = Release|Any CPU
	EndGlobalSection
	GlobalSection(ProjectConfigurationPlatforms) = postSolution
		{2F1C5D6B-4196-477C-B15D-7F52FD3AA2B0}.Debug|Any CPU.ActiveCfg = Debug|Any CPU
		{2F1C5D6B-4196-477C-B15D-7F52FD3AA2B0}.Debug|Any CPU.Build.0 = Debug|Any CPU
		{2F1C5D6B-4196-477C-B15D-7F52FD3AA2B0}.Release|Any CPU.ActiveCfg = Release|Any CPU
		{2F1C5D6B-4196-477C-B15D-7F52FD3AA2B0}.Release|Any CPU.Build.0 = Release|Any CPU
		{ECD5FD7A-32F7-423C-B50E-C43750F17FCB}.Debug|Any CPU.ActiveCfg = Debug|Any CPU
		{ECD5FD7A-32F7-423C-B50E-C43750F17FCB}.Debug|Any CPU.Build.0 = Debug|Any CPU
		{ECD5FD7A-32F7-423C-B50E-C43750F17FCB}.Release|Any CPU.ActiveCfg = Release|Any CPU
		{ECD5FD7A-32F7-423C-B50E-C43750F17FCB}.Release|Any CPU.Build.0 = Release|Any CPU
		{B82A2621-A702-4B17-AE90-CC83CF938D61}.Debug|Any CPU.ActiveCfg = Debug|Any CPU
		{B82A2621-A702-4B17-AE90-CC83CF938D61}.Debug|Any CPU.Build.0 = Debug|Any CPU
		{B82A2621-A702-4B17-AE90-CC83CF938D61}.Release|Any CPU.ActiveCfg = Release|Any CPU
		{B82A2621-A702-4B17-AE90-CC83CF938D61}.Release|Any CPU.Build.0 = Release|Any CPU
	EndGlobalSection
	GlobalSection(SolutionProperties) = preSolution
		HideSolutionNode = FALSE
	EndGlobalSection
EndGlobal
